
Microsoft Visual Studio Solution File, Format Version 12.00
# Visual Studio Version 17
VisualStudioVersion = 17.3.32819.101
MinimumVisualStudioVersion = 10.0.40219.1
Project("{FAE04EC0-301F-11D3-BF4B-00C04F79EFBC}") = "Bitmap.AF", "Bitmap.AF\Bitmap.AF.csproj", "{CF126AEA-5809-4204-A1A5-1759BF9A99EA}"
EndProject
Project("{FAE04EC0-301F-11D3-BF4B-00C04F79EFBC}") = "BitmapTests", "BitmapTests\BitmapTests.csproj", "{32A0CCFE-DD1F-4F5C-805C-037CE8AA1E68}"
EndProject
Global
	GlobalSection(SolutionConfigurationPlatforms) = preSolution
		Debug|Any CPU = Debug|Any CPU
		Release|Any CPU = Release|Any CPU
	EndGlobalSection
	GlobalSection(ProjectConfigurationPlatforms) = postSolution
		{CF126AEA-5809-4204-A1A5-1759BF9A99EA}.Debug|Any CPU.ActiveCfg = Debug|Any CPU
		{CF126AEA-5809-4204-A1A5-1759BF9A99EA}.Debug|Any CPU.Build.0 = Debug|Any CPU
		{CF126AEA-5809-4204-A1A5-1759BF9A99EA}.Release|Any CPU.ActiveCfg = Release|Any CPU
		{CF126AEA-5809-4204-A1A5-1759BF9A99EA}.Release|Any CPU.Build.0 = Release|Any CPU
		{32A0CCFE-DD1F-4F5C-805C-037CE8AA1E68}.Debug|Any CPU.ActiveCfg = Debug|Any CPU
		{32A0CCFE-DD1F-4F5C-805C-037CE8AA1E68}.Debug|Any CPU.Build.0 = Debug|Any CPU
		{32A0CCFE-DD1F-4F5C-805C-037CE8AA1E68}.Release|Any CPU.ActiveCfg = Release|Any CPU
		{32A0CCFE-DD1F-4F5C-805C-037CE8AA1E68}.Release|Any CPU.Build.0 = Release|Any CPU
	EndGlobalSection
	GlobalSection(SolutionProperties) = preSolution
		HideSolutionNode = FALSE
	EndGlobalSection
	GlobalSection(ExtensibilityGlobals) = postSolution
		SolutionGuid = {EC69C1BD-88EF-4A51-B92C-6F913911F8E2}
	EndGlobalSection
EndGlobal
